// !$*UTF8*$!
{
	archiveVersion = 1;
	classes = {
	};
	objectVersion = 46;
	objects = {

/* Begin PBXBuildFile section */
		CACE2A191F6670D50039E3F3 /* AppDelegate.swift in Sources */ = {isa = PBXBuildFile; fileRef = CACE2A181F6670D50039E3F3 /* AppDelegate.swift */; };
		CACE2A1B1F6670D50039E3F3 /* ViewController.swift in Sources */ = {isa = PBXBuildFile; fileRef = CACE2A1A1F6670D50039E3F3 /* ViewController.swift */; };
		CACE2A1E1F6670D50039E3F3 /* Main.storyboard in Resources */ = {isa = PBXBuildFile; fileRef = CACE2A1C1F6670D50039E3F3 /* Main.storyboard */; };
		CACE2A201F6670D50039E3F3 /* Assets.xcassets in Resources */ = {isa = PBXBuildFile; fileRef = CACE2A1F1F6670D50039E3F3 /* Assets.xcassets */; };
		CACE2A231F6670D50039E3F3 /* LaunchScreen.storyboard in Resources */ = {isa = PBXBuildFile; fileRef = CACE2A211F6670D50039E3F3 /* LaunchScreen.storyboard */; };
		CACE2A2E1F6670D60039E3F3 /* HelloWorldTests.swift in Sources */ = {isa = PBXBuildFile; fileRef = CACE2A2D1F6670D60039E3F3 /* HelloWorldTests.swift */; };
		CACE2A391F6670D60039E3F3 /* HelloWorldUITests.swift in Sources */ = {isa = PBXBuildFile; fileRef = CACE2A381F6670D60039E3F3 /* HelloWorldUITests.swift */; };
/* End PBXBuildFile section */

/* Begin PBXContainerItemProxy section */
		CACE2A2A1F6670D60039E3F3 /* PBXContainerItemProxy */ = {
			isa = PBXContainerItemProxy;
			containerPortal = CACE2A0D1F6670D50039E3F3 /* Project object */;
			proxyType = 1;
			remoteGlobalIDString = CACE2A141F6670D50039E3F3;
			remoteInfo = HelloWorld;
		};
		CACE2A351F6670D60039E3F3 /* PBXContainerItemProxy */ = {
			isa = PBXContainerItemProxy;
			containerPortal = CACE2A0D1F6670D50039E3F3 /* Project object */;
			proxyType = 1;
			remoteGlobalIDString = CACE2A141F6670D50039E3F3;
			remoteInfo = HelloWorld;
		};
/* End PBXContainerItemProxy section */

/* Begin PBXFileReference section */
		CACE2A151F6670D50039E3F3 /* HelloWorld.app */ = {isa = PBXFileReference; explicitFileType = wrapper.application; includeInIndex = 0; path = HelloWorld.app; sourceTree = BUILT_PRODUCTS_DIR; };
		CACE2A181F6670D50039E3F3 /* AppDelegate.swift */ = {isa = PBXFileReference; lastKnownFileType = sourcecode.swift; path = AppDelegate.swift; sourceTree = "<group>"; };
		CACE2A1A1F6670D50039E3F3 /* ViewController.swift */ = {isa = PBXFileReference; lastKnownFileType = sourcecode.swift; path = ViewController.swift; sourceTree = "<group>"; };
		CACE2A1D1F6670D50039E3F3 /* Base */ = {isa = PBXFileReference; lastKnownFileType = file.storyboard; name = Base; path = Base.lproj/Main.storyboard; sourceTree = "<group>"; };
		CACE2A1F1F6670D50039E3F3 /* Assets.xcassets */ = {isa = PBXFileReference; lastKnownFileType = folder.assetcatalog; path = Assets.xcassets; sourceTree = "<group>"; };
		CACE2A221F6670D50039E3F3 /* Base */ = {isa = PBXFileReference; lastKnownFileType = file.storyboard; name = Base; path = Base.lproj/LaunchScreen.storyboard; sourceTree = "<group>"; };
		CACE2A241F6670D50039E3F3 /* Info.plist */ = {isa = PBXFileReference; lastKnownFileType = text.plist.xml; path = Info.plist; sourceTree = "<group>"; };
		CACE2A291F6670D60039E3F3 /* HelloWorldTests.xctest */ = {isa = PBXFileReference; explicitFileType = wrapper.cfbundle; includeInIndex = 0; path = HelloWorldTests.xctest; sourceTree = BUILT_PRODUCTS_DIR; };
		CACE2A2D1F6670D60039E3F3 /* HelloWorldTests.swift */ = {isa = PBXFileReference; lastKnownFileType = sourcecode.swift; path = HelloWorldTests.swift; sourceTree = "<group>"; };
		CACE2A2F1F6670D60039E3F3 /* Info.plist */ = {isa = PBXFileReference; lastKnownFileType = text.plist.xml; path = Info.plist; sourceTree = "<group>"; };
		CACE2A341F6670D60039E3F3 /* HelloWorldUITests.xctest */ = {isa = PBXFileReference; explicitFileType = wrapper.cfbundle; includeInIndex = 0; path = HelloWorldUITests.xctest; sourceTree = BUILT_PRODUCTS_DIR; };
		CACE2A381F6670D60039E3F3 /* HelloWorldUITests.swift */ = {isa = PBXFileReference; lastKnownFileType = sourcecode.swift; path = HelloWorldUITests.swift; sourceTree = "<group>"; };
		CACE2A3A1F6670D60039E3F3 /* Info.plist */ = {isa = PBXFileReference; lastKnownFileType = text.plist.xml; path = Info.plist; sourceTree = "<group>"; };
/* End PBXFileReference section */

/* Begin PBXFrameworksBuildPhase section */
		CACE2A121F6670D50039E3F3 /* Frameworks */ = {
			isa = PBXFrameworksBuildPhase;
			buildActionMask = 2147483647;
			files = (
			);
			runOnlyForDeploymentPostprocessing = 0;
		};
		CACE2A261F6670D60039E3F3 /* Frameworks */ = {
			isa = PBXFrameworksBuildPhase;
			buildActionMask = 2147483647;
			files = (
			);
			runOnlyForDeploymentPostprocessing = 0;
		};
		CACE2A311F6670D60039E3F3 /* Frameworks */ = {
			isa = PBXFrameworksBuildPhase;
			buildActionMask = 2147483647;
			files = (
			);
			runOnlyForDeploymentPostprocessing = 0;
		};
/* End PBXFrameworksBuildPhase section */

/* Begin PBXGroup section */
		CACE2A0C1F6670D50039E3F3 = {
			isa = PBXGroup;
			children = (
				CACE2A171F6670D50039E3F3 /* HelloWorld */,
				CACE2A2C1F6670D60039E3F3 /* HelloWorldTests */,
				CACE2A371F6670D60039E3F3 /* HelloWorldUITests */,
				CACE2A161F6670D50039E3F3 /* Products */,
			);
			sourceTree = "<group>";
		};
		CACE2A161F6670D50039E3F3 /* Products */ = {
			isa = PBXGroup;
			children = (
				CACE2A151F6670D50039E3F3 /* HelloWorld.app */,
				CACE2A291F6670D60039E3F3 /* HelloWorldTests.xctest */,
				CACE2A341F6670D60039E3F3 /* HelloWorldUITests.xctest */,
			);
			name = Products;
			sourceTree = "<group>";
		};
		CACE2A171F6670D50039E3F3 /* HelloWorld */ = {
			isa = PBXGroup;
			children = (
				CACE2A181F6670D50039E3F3 /* AppDelegate.swift */,
				CACE2A1A1F6670D50039E3F3 /* ViewController.swift */,
				CACE2A1C1F6670D50039E3F3 /* Main.storyboard */,
				CACE2A1F1F6670D50039E3F3 /* Assets.xcassets */,
				CACE2A211F6670D50039E3F3 /* LaunchScreen.storyboard */,
				CACE2A241F6670D50039E3F3 /* Info.plist */,
			);
			path = HelloWorld;
			sourceTree = "<group>";
		};
		CACE2A2C1F6670D60039E3F3 /* HelloWorldTests */ = {
			isa = PBXGroup;
			children = (
				CACE2A2D1F6670D60039E3F3 /* HelloWorldTests.swift */,
				CACE2A2F1F6670D60039E3F3 /* Info.plist */,
			);
			path = HelloWorldTests;
			sourceTree = "<group>";
		};
		CACE2A371F6670D60039E3F3 /* HelloWorldUITests */ = {
			isa = PBXGroup;
			children = (
				CACE2A381F6670D60039E3F3 /* HelloWorldUITests.swift */,
				CACE2A3A1F6670D60039E3F3 /* Info.plist */,
			);
			path = HelloWorldUITests;
			sourceTree = "<group>";
		};
/* End PBXGroup section */

/* Begin PBXNativeTarget section */
		CACE2A141F6670D50039E3F3 /* HelloWorld */ = {
			isa = PBXNativeTarget;
			buildConfigurationList = CACE2A3D1F6670D60039E3F3 /* Build configuration list for PBXNativeTarget "HelloWorld" */;
			buildPhases = (
				CACE2A111F6670D50039E3F3 /* Sources */,
				CACE2A121F6670D50039E3F3 /* Frameworks */,
				CACE2A131F6670D50039E3F3 /* Resources */,
			);
			buildRules = (
			);
			dependencies = (
			);
			name = HelloWorld;
			productName = HelloWorld;
			productReference = CACE2A151F6670D50039E3F3 /* HelloWorld.app */;
			productType = "com.apple.product-type.application";
		};
		CACE2A281F6670D60039E3F3 /* HelloWorldTests */ = {
			isa = PBXNativeTarget;
			buildConfigurationList = CACE2A401F6670D60039E3F3 /* Build configuration list for PBXNativeTarget "HelloWorldTests" */;
			buildPhases = (
				CACE2A251F6670D60039E3F3 /* Sources */,
				CACE2A261F6670D60039E3F3 /* Frameworks */,
				CACE2A271F6670D60039E3F3 /* Resources */,
			);
			buildRules = (
			);
			dependencies = (
				CACE2A2B1F6670D60039E3F3 /* PBXTargetDependency */,
			);
			name = HelloWorldTests;
			productName = HelloWorldTests;
			productReference = CACE2A291F6670D60039E3F3 /* HelloWorldTests.xctest */;
			productType = "com.apple.product-type.bundle.unit-test";
		};
		CACE2A331F6670D60039E3F3 /* HelloWorldUITests */ = {
			isa = PBXNativeTarget;
			buildConfigurationList = CACE2A431F6670D60039E3F3 /* Build configuration list for PBXNativeTarget "HelloWorldUITests" */;
			buildPhases = (
				CACE2A301F6670D60039E3F3 /* Sources */,
				CACE2A311F6670D60039E3F3 /* Frameworks */,
				CACE2A321F6670D60039E3F3 /* Resources */,
			);
			buildRules = (
			);
			dependencies = (
				CACE2A361F6670D60039E3F3 /* PBXTargetDependency */,
			);
			name = HelloWorldUITests;
			productName = HelloWorldUITests;
			productReference = CACE2A341F6670D60039E3F3 /* HelloWorldUITests.xctest */;
			productType = "com.apple.product-type.bundle.ui-testing";
		};
/* End PBXNativeTarget section */

/* Begin PBXProject section */
		CACE2A0D1F6670D50039E3F3 /* Project object */ = {
			isa = PBXProject;
			attributes = {
				LastSwiftUpdateCheck = 0830;
				LastUpgradeCheck = 0830;
				ORGANIZATIONNAME = sho;
				TargetAttributes = {
					CACE2A141F6670D50039E3F3 = {
						CreatedOnToolsVersion = 8.3.3;
						DevelopmentTeam = BV8VP6YGE9;
						ProvisioningStyle = Automatic;
					};
					CACE2A281F6670D60039E3F3 = {
						CreatedOnToolsVersion = 8.3.3;
						DevelopmentTeam = BV8VP6YGE9;
						ProvisioningStyle = Automatic;
						TestTargetID = CACE2A141F6670D50039E3F3;
					};
					CACE2A331F6670D60039E3F3 = {
						CreatedOnToolsVersion = 8.3.3;
						DevelopmentTeam = BV8VP6YGE9;
						ProvisioningStyle = Automatic;
						TestTargetID = CACE2A141F6670D50039E3F3;
					};
				};
			};
			buildConfigurationList = CACE2A101F6670D50039E3F3 /* Build configuration list for PBXProject "HelloWorld" */;
			compatibilityVersion = "Xcode 3.2";
			developmentRegion = English;
			hasScannedForEncodings = 0;
			knownRegions = (
				en,
				Base,
			);
			mainGroup = CACE2A0C1F6670D50039E3F3;
			productRefGroup = CACE2A161F6670D50039E3F3 /* Products */;
			projectDirPath = "";
			projectRoot = "";
			targets = (
				CACE2A141F6670D50039E3F3 /* HelloWorld */,
				CACE2A281F6670D60039E3F3 /* HelloWorldTests */,
				CACE2A331F6670D60039E3F3 /* HelloWorldUITests */,
			);
		};
/* End PBXProject section */

/* Begin PBXResourcesBuildPhase section */
		CACE2A131F6670D50039E3F3 /* Resources */ = {
			isa = PBXResourcesBuildPhase;
			buildActionMask = 2147483647;
			files = (
				CACE2A231F6670D50039E3F3 /* LaunchScreen.storyboard in Resources */,
				CACE2A201F6670D50039E3F3 /* Assets.xcassets in Resources */,
				CACE2A1E1F6670D50039E3F3 /* Main.storyboard in Resources */,
			);
			runOnlyForDeploymentPostprocessing = 0;
		};
		CACE2A271F6670D60039E3F3 /* Resources */ = {
			isa = PBXResourcesBuildPhase;
			buildActionMask = 2147483647;
			files = (
			);
			runOnlyForDeploymentPostprocessing = 0;
		};
		CACE2A321F6670D60039E3F3 /* Resources */ = {
			isa = PBXResourcesBuildPhase;
			buildActionMask = 2147483647;
			files = (
			);
			runOnlyForDeploymentPostprocessing = 0;
		};
/* End PBXResourcesBuildPhase section */

/* Begin PBXSourcesBuildPhase section */
		CACE2A111F6670D50039E3F3 /* Sources */ = {
			isa = PBXSourcesBuildPhase;
			buildActionMask = 2147483647;
			files = (
				CACE2A1B1F6670D50039E3F3 /* ViewController.swift in Sources */,
				CACE2A191F6670D50039E3F3 /* AppDelegate.swift in Sources */,
			);
			runOnlyForDeploymentPostprocessing = 0;
		};
		CACE2A251F6670D60039E3F3 /* Sources */ = {
			isa = PBXSourcesBuildPhase;
			buildActionMask = 2147483647;
			files = (
				CACE2A2E1F6670D60039E3F3 /* HelloWorldTests.swift in Sources */,
			);
			runOnlyForDeploymentPostprocessing = 0;
		};
		CACE2A301F6670D60039E3F3 /* Sources */ = {
			isa = PBXSourcesBuildPhase;
			buildActionMask = 2147483647;
			files = (
				CACE2A391F6670D60039E3F3 /* HelloWorldUITests.swift in Sources */,
			);
			runOnlyForDeploymentPostprocessing = 0;
		};
/* End PBXSourcesBuildPhase section */

/* Begin PBXTargetDependency section */
		CACE2A2B1F6670D60039E3F3 /* PBXTargetDependency */ = {
			isa = PBXTargetDependency;
			target = CACE2A141F6670D50039E3F3 /* HelloWorld */;
			targetProxy = CACE2A2A1F6670D60039E3F3 /* PBXContainerItemProxy */;
		};
		CACE2A361F6670D60039E3F3 /* PBXTargetDependency */ = {
			isa = PBXTargetDependency;
			target = CACE2A141F6670D50039E3F3 /* HelloWorld */;
			targetProxy = CACE2A351F6670D60039E3F3 /* PBXContainerItemProxy */;
		};
/* End PBXTargetDependency section */

/* Begin PBXVariantGroup section */
		CACE2A1C1F6670D50039E3F3 /* Main.storyboard */ = {
			isa = PBXVariantGroup;
			children = (
				CACE2A1D1F6670D50039E3F3 /* Base */,
			);
			name = Main.storyboard;
			sourceTree = "<group>";
		};
		CACE2A211F6670D50039E3F3 /* LaunchScreen.storyboard */ = {
			isa = PBXVariantGroup;
			children = (
				CACE2A221F6670D50039E3F3 /* Base */,
			);
			name = LaunchScreen.storyboard;
			sourceTree = "<group>";
		};
/* End PBXVariantGroup section */

/* Begin XCBuildConfiguration section */
		CACE2A3B1F6670D60039E3F3 /* Debug */ = {
			isa = XCBuildConfiguration;
			buildSettings = {
				ALWAYS_SEARCH_USER_PATHS = NO;
				CLANG_ANALYZER_NONNULL = YES;
				CLANG_ANALYZER_NUMBER_OBJECT_CONVERSION = YES_AGGRESSIVE;
				CLANG_CXX_LANGUAGE_STANDARD = "gnu++0x";
				CLANG_CXX_LIBRARY = "libc++";
				CLANG_ENABLE_MODULES = YES;
				CLANG_ENABLE_OBJC_ARC = YES;
				CLANG_WARN_BOOL_CONVERSION = YES;
				CLANG_WARN_CONSTANT_CONVERSION = YES;
				CLANG_WARN_DIRECT_OBJC_ISA_USAGE = YES_ERROR;
				CLANG_WARN_DOCUMENTATION_COMMENTS = YES;
				CLANG_WARN_EMPTY_BODY = YES;
				CLANG_WARN_ENUM_CONVERSION = YES;
				CLANG_WARN_INFINITE_RECURSION = YES;
				CLANG_WARN_INT_CONVERSION = YES;
				CLANG_WARN_OBJC_ROOT_CLASS = YES_ERROR;
				CLANG_WARN_SUSPICIOUS_MOVE = YES;
				CLANG_WARN_UNREACHABLE_CODE = YES;
				CLANG_WARN__DUPLICATE_METHOD_MATCH = YES;
				"CODE_SIGN_IDENTITY[sdk=iphoneos*]" = "iPhone Developer";
				COPY_PHASE_STRIP = NO;
				DEBUG_INFORMATION_FORMAT = dwarf;
				ENABLE_STRICT_OBJC_MSGSEND = YES;
				ENABLE_TESTABILITY = YES;
				GCC_C_LANGUAGE_STANDARD = gnu99;
				GCC_DYNAMIC_NO_PIC = NO;
				GCC_NO_COMMON_BLOCKS = YES;
				GCC_OPTIMIZATION_LEVEL = 0;
				GCC_PREPROCESSOR_DEFINITIONS = (
					"DEBUG=1",
					"$(inherited)",
				);
				GCC_WARN_64_TO_32_BIT_CONVERSION = YES;
				GCC_WARN_ABOUT_RETURN_TYPE = YES_ERROR;
				GCC_WARN_UNDECLARED_SELECTOR = YES;
				GCC_WARN_UNINITIALIZED_AUTOS = YES_AGGRESSIVE;
				GCC_WARN_UNUSED_FUNCTION = YES;
				GCC_WARN_UNUSED_VARIABLE = YES;
				IPHONEOS_DEPLOYMENT_TARGET = 10.3;
				MTL_ENABLE_DEBUG_INFO = YES;
				ONLY_ACTIVE_ARCH = YES;
				SDKROOT = iphoneos;
				SWIFT_ACTIVE_COMPILATION_CONDITIONS = DEBUG;
				SWIFT_OPTIMIZATION_LEVEL = "-Onone";
			};
			name = Debug;
		};
		CACE2A3C1F6670D60039E3F3 /* Release */ = {
			isa = XCBuildConfiguration;
			buildSettings = {
				ALWAYS_SEARCH_USER_PATHS = NO;
				CLANG_ANALYZER_NONNULL = YES;
				CLANG_ANALYZER_NUMBER_OBJECT_CONVERSION = YES_AGGRESSIVE;
				CLANG_CXX_LANGUAGE_STANDARD = "gnu++0x";
				CLANG_CXX_LIBRARY = "libc++";
				CLANG_ENABLE_MODULES = YES;
				CLANG_ENABLE_OBJC_ARC = YES;
				CLANG_WARN_BOOL_CONVERSION = YES;
				CLANG_WARN_CONSTANT_CONVERSION = YES;
				CLANG_WARN_DIRECT_OBJC_ISA_USAGE = YES_ERROR;
				CLANG_WARN_DOCUMENTATION_COMMENTS = YES;
				CLANG_WARN_EMPTY_BODY = YES;
				CLANG_WARN_ENUM_CONVERSION = YES;
				CLANG_WARN_INFINITE_RECURSION = YES;
				CLANG_WARN_INT_CONVERSION = YES;
				CLANG_WARN_OBJC_ROOT_CLASS = YES_ERROR;
				CLANG_WARN_SUSPICIOUS_MOVE = YES;
				CLANG_WARN_UNREACHABLE_CODE = YES;
				CLANG_WARN__DUPLICATE_METHOD_MATCH = YES;
				"CODE_SIGN_IDENTITY[sdk=iphoneos*]" = "iPhone Developer";
				COPY_PHASE_STRIP = NO;
				DEBUG_INFORMATION_FORMAT = "dwarf-with-dsym";
				ENABLE_NS_ASSERTIONS = NO;
				ENABLE_STRICT_OBJC_MSGSEND = YES;
				GCC_C_LANGUAGE_STANDARD = gnu99;
				GCC_NO_COMMON_BLOCKS = YES;
				GCC_WARN_64_TO_32_BIT_CONVERSION = YES;
				GCC_WARN_ABOUT_RETURN_TYPE = YES_ERROR;
				GCC_WARN_UNDECLARED_SELECTOR = YES;
				GCC_WARN_UNINITIALIZED_AUTOS = YES_AGGRESSIVE;
				GCC_WARN_UNUSED_FUNCTION = YES;
				GCC_WARN_UNUSED_VARIABLE = YES;
				IPHONEOS_DEPLOYMENT_TARGET = 10.3;
				MTL_ENABLE_DEBUG_INFO = NO;
				SDKROOT = iphoneos;
				SWIFT_OPTIMIZATION_LEVEL = "-Owholemodule";
				VALIDATE_PRODUCT = YES;
			};
			name = Release;
		};
		CACE2A3E1F6670D60039E3F3 /* Debug */ = {
			isa = XCBuildConfiguration;
			buildSettings = {
				ASSETCATALOG_COMPILER_APPICON_NAME = AppIcon;
				DEVELOPMENT_TEAM = BV8VP6YGE9;
				INFOPLIST_FILE = HelloWorld/Info.plist;
				LD_RUNPATH_SEARCH_PATHS = "$(inherited) @executable_path/Frameworks";
				PRODUCT_BUNDLE_IDENTIFIER = jp.techacademy.sho.cho.HelloWorld;
				PRODUCT_NAME = "$(TARGET_NAME)";
				SWIFT_VERSION = 3.0;
				TARGETED_DEVICE_FAMILY = 1;
			};
			name = Debug;
		};
		CACE2A3F1F6670D60039E3F3 /* Release */ = {
			isa = XCBuildConfiguration;
			buildSettings = {
				ASSETCATALOG_COMPILER_APPICON_NAME = AppIcon;
				DEVELOPMENT_TEAM = BV8VP6YGE9;
				INFOPLIST_FILE = HelloWorld/Info.plist;
				LD_RUNPATH_SEARCH_PATHS = "$(inherited) @executable_path/Frameworks";
				PRODUCT_BUNDLE_IDENTIFIER = jp.techacademy.sho.cho.HelloWorld;
				PRODUCT_NAME = "$(TARGET_NAME)";
				SWIFT_VERSION = 3.0;
				TARGETED_DEVICE_FAMILY = 1;
			};
			name = Release;
		};
		CACE2A411F6670D60039E3F3 /* Debug */ = {
			isa = XCBuildConfiguration;
			buildSettings = {
				ALWAYS_EMBED_SWIFT_STANDARD_LIBRARIES = YES;
				BUNDLE_LOADER = "$(TEST_HOST)";
				DEVELOPMENT_TEAM = BV8VP6YGE9;
				INFOPLIST_FILE = HelloWorldTests/Info.plist;
				LD_RUNPATH_SEARCH_PATHS = "$(inherited) @executable_path/Frameworks @loader_path/Frameworks";
				PRODUCT_BUNDLE_IDENTIFIER = jp.techacademy.sho.cho.HelloWorldTests;
				PRODUCT_NAME = "$(TARGET_NAME)";
				SWIFT_VERSION = 3.0;
				TEST_HOST = "$(BUILT_PRODUCTS_DIR)/HelloWorld.app/HelloWorld";
			};
			name = Debug;
		};
		CACE2A421F6670D60039E3F3 /* Release */ = {
			isa = XCBuildConfiguration;
			buildSettings = {
				ALWAYS_EMBED_SWIFT_STANDARD_LIBRARIES = YES;
				BUNDLE_LOADER = "$(TEST_HOST)";
				DEVELOPMENT_TEAM = BV8VP6YGE9;
				INFOPLIST_FILE = HelloWorldTests/Info.plist;
				LD_RUNPATH_SEARCH_PATHS = "$(inherited) @executable_path/Frameworks @loader_path/Frameworks";
				PRODUCT_BUNDLE_IDENTIFIER = jp.techacademy.sho.cho.HelloWorldTests;
				PRODUCT_NAME = "$(TARGET_NAME)";
				SWIFT_VERSION = 3.0;
				TEST_HOST = "$(BUILT_PRODUCTS_DIR)/HelloWorld.app/HelloWorld";
			};
			name = Release;
		};
		CACE2A441F6670D60039E3F3 /* Debug */ = {
			isa = XCBuildConfiguration;
			buildSettings = {
				ALWAYS_EMBED_SWIFT_STANDARD_LIBRARIES = YES;
				DEVELOPMENT_TEAM = BV8VP6YGE9;
				INFOPLIST_FILE = HelloWorldUITests/Info.plist;
				LD_RUNPATH_SEARCH_PATHS = "$(inherited) @executable_path/Frameworks @loader_path/Frameworks";
				PRODUCT_BUNDLE_IDENTIFIER = jp.techacademy.sho.cho.HelloWorldUITests;
				PRODUCT_NAME = "$(TARGET_NAME)";
				SWIFT_VERSION = 3.0;
				TEST_TARGET_NAME = HelloWorld;
			};
			name = Debug;
		};
		CACE2A451F6670D60039E3F3 /* Release */ = {
			isa = XCBuildConfiguration;
			buildSettings = {
				ALWAYS_EMBED_SWIFT_STANDARD_LIBRARIES = YES;
				DEVELOPMENT_TEAM = BV8VP6YGE9;
				INFOPLIST_FILE = HelloWorldUITests/Info.plist;
				LD_RUNPATH_SEARCH_PATHS = "$(inherited) @executable_path/Frameworks @loader_path/Frameworks";
				PRODUCT_BUNDLE_IDENTIFIER = jp.techacademy.sho.cho.HelloWorldUITests;
				PRODUCT_NAME = "$(TARGET_NAME)";
				SWIFT_VERSION = 3.0;
				TEST_TARGET_NAME = HelloWorld;
			};
			name = Release;
		};
/* End XCBuildConfiguration section */

/* Begin XCConfigurationList section */
		CACE2A101F6670D50039E3F3 /* Build configuration list for PBXProject "HelloWorld" */ = {
			isa = XCConfigurationList;
			buildConfigurations = (
				CACE2A3B1F6670D60039E3F3 /* Debug */,
				CACE2A3C1F6670D60039E3F3 /* Release */,
			);
			defaultConfigurationIsVisible = 0;
			defaultConfigurationName = Release;
		};
		CACE2A3D1F6670D60039E3F3 /* Build configuration list for PBXNativeTarget "HelloWorld" */ = {
			isa = XCConfigurationList;
			buildConfigurations = (
				CACE2A3E1F6670D60039E3F3 /* Debug */,
				CACE2A3F1F6670D60039E3F3 /* Release */,
			);
			defaultConfigurationIsVisible = 0;
			defaultConfigurationName = Release;
		};
		CACE2A401F6670D60039E3F3 /* Build configuration list for PBXNativeTarget "HelloWorldTests" */ = {
			isa = XCConfigurationList;
			buildConfigurations = (
				CACE2A411F6670D60039E3F3 /* Debug */,
				CACE2A421F6670D60039E3F3 /* Release */,
			);
			defaultConfigurationIsVisible = 0;
			defaultConfigurationName = Release;
		};
		CACE2A431F6670D60039E3F3 /* Build configuration list for PBXNativeTarget "HelloWorldUITests" */ = {
			isa = XCConfigurationList;
			buildConfigurations = (
				CACE2A441F6670D60039E3F3 /* Debug */,
				CACE2A451F6670D60039E3F3 /* Release */,
			);
			defaultConfigurationIsVisible = 0;
			defaultConfigurationName = Release;
		};
/* End XCConfigurationList section */
	};
	rootObject = CACE2A0D1F6670D50039E3F3 /* Project object */;
}
